// !$*UTF8*$!
{
	archiveVersion = 1;
	classes = {
	};
	objectVersion = 46;
	objects = {

/* Begin PBXBuildFile section */
		EB32A0AB1A5E2AEA000DAE5A /* ImageSelectionView.m in Sources */ = {isa = PBXBuildFile; fileRef = EB32A0AA1A5E2AEA000DAE5A /* ImageSelectionView.m */; };
		EB32A0AE1A5E3144000DAE5A /* selector_bg.jpg in Resources */ = {isa = PBXBuildFile; fileRef = EB32A0AD1A5E3144000DAE5A /* selector_bg.jpg */; };
		EBF2E7E81A5DDF5900D447F7 /* main.m in Sources */ = {isa = PBXBuildFile; fileRef = EBF2E7E71A5DDF5900D447F7 /* main.m */; };
		EBF2E7EB1A5DDF5900D447F7 /* AppDelegate.m in Sources */ = {isa = PBXBuildFile; fileRef = EBF2E7EA1A5DDF5900D447F7 /* AppDelegate.m */; };
		EBF2E7EE1A5DDF5900D447F7 /* ViewController.m in Sources */ = {isa = PBXBuildFile; fileRef = EBF2E7ED1A5DDF5900D447F7 /* ViewController.m */; };
		EBF2E7F11A5DDF5900D447F7 /* Main.storyboard in Resources */ = {isa = PBXBuildFile; fileRef = EBF2E7EF1A5DDF5900D447F7 /* Main.storyboard */; };
		EBF2E7F31A5DDF5900D447F7 /* Images.xcassets in Resources */ = {isa = PBXBuildFile; fileRef = EBF2E7F21A5DDF5900D447F7 /* Images.xcassets */; };
		EBF2E7F61A5DDF5900D447F7 /* LaunchScreen.xib in Resources */ = {isa = PBXBuildFile; fileRef = EBF2E7F41A5DDF5900D447F7 /* LaunchScreen.xib */; };
		EBF2E8021A5DDF5900D447F7 /* SwatchTests.m in Sources */ = {isa = PBXBuildFile; fileRef = EBF2E8011A5DDF5900D447F7 /* SwatchTests.m */; };
/* End PBXBuildFile section */

/* Begin PBXContainerItemProxy section */
		EBF2E7FC1A5DDF5900D447F7 /* PBXContainerItemProxy */ = {
			isa = PBXContainerItemProxy;
			containerPortal = EBF2E7DA1A5DDF5900D447F7 /* Project object */;
			proxyType = 1;
			remoteGlobalIDString = EBF2E7E11A5DDF5900D447F7;
			remoteInfo = Swatch;
		};
/* End PBXContainerItemProxy section */

/* Begin PBXFileReference section */
		EB32A0A91A5E2AEA000DAE5A /* ImageSelectionView.h */ = {isa = PBXFileReference; fileEncoding = 4; lastKnownFileType = sourcecode.c.h; name = ImageSelectionView.h; path = "Interface Classes/ImageSelectionView.h"; sourceTree = "<group>"; };
		EB32A0AA1A5E2AEA000DAE5A /* ImageSelectionView.m */ = {isa = PBXFileReference; fileEncoding = 4; lastKnownFileType = sourcecode.c.objc; name = ImageSelectionView.m; path = "Interface Classes/ImageSelectionView.m"; sourceTree = "<group>"; };
		EB32A0AD1A5E3144000DAE5A /* selector_bg.jpg */ = {isa = PBXFileReference; lastKnownFileType = image.jpeg; path = selector_bg.jpg; sourceTree = "<group>"; };
		EBF2E7E21A5DDF5900D447F7 /* Swatch.app */ = {isa = PBXFileReference; explicitFileType = wrapper.application; includeInIndex = 0; path = Swatch.app; sourceTree = BUILT_PRODUCTS_DIR; };
		EBF2E7E61A5DDF5900D447F7 /* Info.plist */ = {isa = PBXFileReference; lastKnownFileType = text.plist.xml; path = Info.plist; sourceTree = "<group>"; };
		EBF2E7E71A5DDF5900D447F7 /* main.m */ = {isa = PBXFileReference; lastKnownFileType = sourcecode.c.objc; path = main.m; sourceTree = "<group>"; };
		EBF2E7E91A5DDF5900D447F7 /* AppDelegate.h */ = {isa = PBXFileReference; lastKnownFileType = sourcecode.c.h; path = AppDelegate.h; sourceTree = "<group>"; };
		EBF2E7EA1A5DDF5900D447F7 /* AppDelegate.m */ = {isa = PBXFileReference; lastKnownFileType = sourcecode.c.objc; path = AppDelegate.m; sourceTree = "<group>"; };
		EBF2E7EC1A5DDF5900D447F7 /* ViewController.h */ = {isa = PBXFileReference; lastKnownFileType = sourcecode.c.h; path = ViewController.h; sourceTree = "<group>"; };
		EBF2E7ED1A5DDF5900D447F7 /* ViewController.m */ = {isa = PBXFileReference; lastKnownFileType = sourcecode.c.objc; path = ViewController.m; sourceTree = "<group>"; };
		EBF2E7F01A5DDF5900D447F7 /* Base */ = {isa = PBXFileReference; lastKnownFileType = file.storyboard; name = Base; path = Base.lproj/Main.storyboard; sourceTree = "<group>"; };
		EBF2E7F21A5DDF5900D447F7 /* Images.xcassets */ = {isa = PBXFileReference; lastKnownFileType = folder.assetcatalog; path = Images.xcassets; sourceTree = "<group>"; };
		EBF2E7F51A5DDF5900D447F7 /* Base */ = {isa = PBXFileReference; lastKnownFileType = file.xib; name = Base; path = Base.lproj/LaunchScreen.xib; sourceTree = "<group>"; };
		EBF2E7FB1A5DDF5900D447F7 /* SwatchTests.xctest */ = {isa = PBXFileReference; explicitFileType = wrapper.cfbundle; includeInIndex = 0; path = SwatchTests.xctest; sourceTree = BUILT_PRODUCTS_DIR; };
		EBF2E8001A5DDF5900D447F7 /* Info.plist */ = {isa = PBXFileReference; lastKnownFileType = text.plist.xml; path = Info.plist; sourceTree = "<group>"; };
		EBF2E8011A5DDF5900D447F7 /* SwatchTests.m */ = {isa = PBXFileReference; lastKnownFileType = sourcecode.c.objc; path = SwatchTests.m; sourceTree = "<group>"; };
/* End PBXFileReference section */

/* Begin PBXFrameworksBuildPhase section */
		EBF2E7DF1A5DDF5900D447F7 /* Frameworks */ = {
			isa = PBXFrameworksBuildPhase;
			buildActionMask = 2147483647;
			files = (
			);
			runOnlyForDeploymentPostprocessing = 0;
		};
		EBF2E7F81A5DDF5900D447F7 /* Frameworks */ = {
			isa = PBXFrameworksBuildPhase;
			buildActionMask = 2147483647;
			files = (
			);
			runOnlyForDeploymentPostprocessing = 0;
		};
/* End PBXFrameworksBuildPhase section */

/* Begin PBXGroup section */
		EB32A0AC1A5E3125000DAE5A /* Stock Photos */ = {
			isa = PBXGroup;
			children = (
				EB32A0AD1A5E3144000DAE5A /* selector_bg.jpg */,
			);
			name = "Stock Photos";
			sourceTree = "<group>";
		};
		EBF2E7D91A5DDF5900D447F7 = {
			isa = PBXGroup;
			children = (
				EBF2E7E41A5DDF5900D447F7 /* Swatch */,
				EBF2E7FE1A5DDF5900D447F7 /* SwatchTests */,
				EBF2E7E31A5DDF5900D447F7 /* Products */,
			);
			sourceTree = "<group>";
		};
		EBF2E7E31A5DDF5900D447F7 /* Products */ = {
			isa = PBXGroup;
			children = (
				EBF2E7E21A5DDF5900D447F7 /* Swatch.app */,
				EBF2E7FB1A5DDF5900D447F7 /* SwatchTests.xctest */,
			);
			name = Products;
			sourceTree = "<group>";
		};
		EBF2E7E41A5DDF5900D447F7 /* Swatch */ = {
			isa = PBXGroup;
			children = (
				EBF2E7E91A5DDF5900D447F7 /* AppDelegate.h */,
				EBF2E7EA1A5DDF5900D447F7 /* AppDelegate.m */,
				EBF2E7EC1A5DDF5900D447F7 /* ViewController.h */,
				EBF2E7ED1A5DDF5900D447F7 /* ViewController.m */,
				EB32A0A91A5E2AEA000DAE5A /* ImageSelectionView.h */,
				EB32A0AA1A5E2AEA000DAE5A /* ImageSelectionView.m */,
				EB32A0AC1A5E3125000DAE5A /* Stock Photos */,
				EBF2E7EF1A5DDF5900D447F7 /* Main.storyboard */,
				EBF2E7F21A5DDF5900D447F7 /* Images.xcassets */,
				EBF2E7F41A5DDF5900D447F7 /* LaunchScreen.xib */,
				EBF2E7E51A5DDF5900D447F7 /* Supporting Files */,
			);
			path = Swatch;
			sourceTree = "<group>";
		};
		EBF2E7E51A5DDF5900D447F7 /* Supporting Files */ = {
			isa = PBXGroup;
			children = (
				EBF2E7E61A5DDF5900D447F7 /* Info.plist */,
				EBF2E7E71A5DDF5900D447F7 /* main.m */,
			);
			name = "Supporting Files";
			sourceTree = "<group>";
		};
		EBF2E7FE1A5DDF5900D447F7 /* SwatchTests */ = {
			isa = PBXGroup;
			children = (
				EBF2E8011A5DDF5900D447F7 /* SwatchTests.m */,
				EBF2E7FF1A5DDF5900D447F7 /* Supporting Files */,
			);
			path = SwatchTests;
			sourceTree = "<group>";
		};
		EBF2E7FF1A5DDF5900D447F7 /* Supporting Files */ = {
			isa = PBXGroup;
			children = (
				EBF2E8001A5DDF5900D447F7 /* Info.plist */,
			);
			name = "Supporting Files";
			sourceTree = "<group>";
		};
/* End PBXGroup section */

/* Begin PBXNativeTarget section */
		EBF2E7E11A5DDF5900D447F7 /* Swatch */ = {
			isa = PBXNativeTarget;
			buildConfigurationList = EBF2E8051A5DDF5900D447F7 /* Build configuration list for PBXNativeTarget "Swatch" */;
			buildPhases = (
				EBF2E7DE1A5DDF5900D447F7 /* Sources */,
				EBF2E7DF1A5DDF5900D447F7 /* Frameworks */,
				EBF2E7E01A5DDF5900D447F7 /* Resources */,
			);
			buildRules = (
			);
			dependencies = (
			);
			name = Swatch;
			productName = Swatch;
			productReference = EBF2E7E21A5DDF5900D447F7 /* Swatch.app */;
			productType = "com.apple.product-type.application";
		};
		EBF2E7FA1A5DDF5900D447F7 /* SwatchTests */ = {
			isa = PBXNativeTarget;
			buildConfigurationList = EBF2E8081A5DDF5900D447F7 /* Build configuration list for PBXNativeTarget "SwatchTests" */;
			buildPhases = (
				EBF2E7F71A5DDF5900D447F7 /* Sources */,
				EBF2E7F81A5DDF5900D447F7 /* Frameworks */,
				EBF2E7F91A5DDF5900D447F7 /* Resources */,
			);
			buildRules = (
			);
			dependencies = (
				EBF2E7FD1A5DDF5900D447F7 /* PBXTargetDependency */,
			);
			name = SwatchTests;
			productName = SwatchTests;
			productReference = EBF2E7FB1A5DDF5900D447F7 /* SwatchTests.xctest */;
			productType = "com.apple.product-type.bundle.unit-test";
		};
/* End PBXNativeTarget section */

/* Begin PBXProject section */
		EBF2E7DA1A5DDF5900D447F7 /* Project object */ = {
			isa = PBXProject;
			attributes = {
				LastUpgradeCheck = 0610;
				ORGANIZATIONNAME = "Sony Theakanath";
				TargetAttributes = {
					EBF2E7E11A5DDF5900D447F7 = {
						CreatedOnToolsVersion = 6.1.1;
					};
					EBF2E7FA1A5DDF5900D447F7 = {
						CreatedOnToolsVersion = 6.1.1;
						TestTargetID = EBF2E7E11A5DDF5900D447F7;
					};
				};
			};
			buildConfigurationList = EBF2E7DD1A5DDF5900D447F7 /* Build configuration list for PBXProject "Swatch" */;
			compatibilityVersion = "Xcode 3.2";
			developmentRegion = English;
			hasScannedForEncodings = 0;
			knownRegions = (
				en,
				Base,
			);
			mainGroup = EBF2E7D91A5DDF5900D447F7;
			productRefGroup = EBF2E7E31A5DDF5900D447F7 /* Products */;
			projectDirPath = "";
			projectRoot = "";
			targets = (
				EBF2E7E11A5DDF5900D447F7 /* Swatch */,
				EBF2E7FA1A5DDF5900D447F7 /* SwatchTests */,
			);
		};
/* End PBXProject section */

/* Begin PBXResourcesBuildPhase section */
		EBF2E7E01A5DDF5900D447F7 /* Resources */ = {
			isa = PBXResourcesBuildPhase;
			buildActionMask = 2147483647;
			files = (
				EBF2E7F11A5DDF5900D447F7 /* Main.storyboard in Resources */,
				EBF2E7F61A5DDF5900D447F7 /* LaunchScreen.xib in Resources */,
				EBF2E7F31A5DDF5900D447F7 /* Images.xcassets in Resources */,
				EB32A0AE1A5E3144000DAE5A /* selector_bg.jpg in Resources */,
			);
			runOnlyForDeploymentPostprocessing = 0;
		};
		EBF2E7F91A5DDF5900D447F7 /* Resources */ = {
			isa = PBXResourcesBuildPhase;
			buildActionMask = 2147483647;
			files = (
			);
			runOnlyForDeploymentPostprocessing = 0;
		};
/* End PBXResourcesBuildPhase section */

/* Begin PBXSourcesBuildPhase section */
		EBF2E7DE1A5DDF5900D447F7 /* Sources */ = {
			isa = PBXSourcesBuildPhase;
			buildActionMask = 2147483647;
			files = (
				EBF2E7EE1A5DDF5900D447F7 /* ViewController.m in Sources */,
				EBF2E7EB1A5DDF5900D447F7 /* AppDelegate.m in Sources */,
				EBF2E7E81A5DDF5900D447F7 /* main.m in Sources */,
				EB32A0AB1A5E2AEA000DAE5A /* ImageSelectionView.m in Sources */,
			);
			runOnlyForDeploymentPostprocessing = 0;
		};
		EBF2E7F71A5DDF5900D447F7 /* Sources */ = {
			isa = PBXSourcesBuildPhase;
			buildActionMask = 2147483647;
			files = (
				EBF2E8021A5DDF5900D447F7 /* SwatchTests.m in Sources */,
			);
			runOnlyForDeploymentPostprocessing = 0;
		};
/* End PBXSourcesBuildPhase section */

/* Begin PBXTargetDependency section */
		EBF2E7FD1A5DDF5900D447F7 /* PBXTargetDependency */ = {
			isa = PBXTargetDependency;
			target = EBF2E7E11A5DDF5900D447F7 /* Swatch */;
			targetProxy = EBF2E7FC1A5DDF5900D447F7 /* PBXContainerItemProxy */;
		};
/* End PBXTargetDependency section */

/* Begin PBXVariantGroup section */
		EBF2E7EF1A5DDF5900D447F7 /* Main.storyboard */ = {
			isa = PBXVariantGroup;
			children = (
				EBF2E7F01A5DDF5900D447F7 /* Base */,
			);
			name = Main.storyboard;
			sourceTree = "<group>";
		};
		EBF2E7F41A5DDF5900D447F7 /* LaunchScreen.xib */ = {
			isa = PBXVariantGroup;
			children = (
				EBF2E7F51A5DDF5900D447F7 /* Base */,
			);
			name = LaunchScreen.xib;
			sourceTree = "<group>";
		};
/* End PBXVariantGroup section */

/* Begin XCBuildConfiguration section */
		EBF2E8031A5DDF5900D447F7 /* Debug */ = {
			isa = XCBuildConfiguration;
			buildSettings = {
				ALWAYS_SEARCH_USER_PATHS = NO;
				CLANG_CXX_LANGUAGE_STANDARD = "gnu++0x";
				CLANG_CXX_LIBRARY = "libc++";
				CLANG_ENABLE_MODULES = YES;
				CLANG_ENABLE_OBJC_ARC = YES;
				CLANG_WARN_BOOL_CONVERSION = YES;
				CLANG_WARN_CONSTANT_CONVERSION = YES;
				CLANG_WARN_DIRECT_OBJC_ISA_USAGE = YES_ERROR;
				CLANG_WARN_EMPTY_BODY = YES;
				CLANG_WARN_ENUM_CONVERSION = YES;
				CLANG_WARN_INT_CONVERSION = YES;
				CLANG_WARN_OBJC_ROOT_CLASS = YES_ERROR;
				CLANG_WARN_UNREACHABLE_CODE = YES;
				CLANG_WARN__DUPLICATE_METHOD_MATCH = YES;
				"CODE_SIGN_IDENTITY[sdk=iphoneos*]" = "iPhone Developer";
				COPY_PHASE_STRIP = NO;
				ENABLE_STRICT_OBJC_MSGSEND = YES;
				GCC_C_LANGUAGE_STANDARD = gnu99;
				GCC_DYNAMIC_NO_PIC = NO;
				GCC_OPTIMIZATION_LEVEL = 0;
				GCC_PREPROCESSOR_DEFINITIONS = (
					"DEBUG=1",
					"$(inherited)",
				);
				GCC_SYMBOLS_PRIVATE_EXTERN = NO;
				GCC_WARN_64_TO_32_BIT_CONVERSION = YES;
				GCC_WARN_ABOUT_RETURN_TYPE = YES_ERROR;
				GCC_WARN_UNDECLARED_SELECTOR = YES;
				GCC_WARN_UNINITIALIZED_AUTOS = YES_AGGRESSIVE;
				GCC_WARN_UNUSED_FUNCTION = YES;
				GCC_WARN_UNUSED_VARIABLE = YES;
				IPHONEOS_DEPLOYMENT_TARGET = 8.1;
				MTL_ENABLE_DEBUG_INFO = YES;
				ONLY_ACTIVE_ARCH = YES;
				SDKROOT = iphoneos;
			};
			name = Debug;
		};
		EBF2E8041A5DDF5900D447F7 /* Release */ = {
			isa = XCBuildConfiguration;
			buildSettings = {
				ALWAYS_SEARCH_USER_PATHS = NO;
				CLANG_CXX_LANGUAGE_STANDARD = "gnu++0x";
				CLANG_CXX_LIBRARY = "libc++";
				CLANG_ENABLE_MODULES = YES;
				CLANG_ENABLE_OBJC_ARC = YES;
				CLANG_WARN_BOOL_CONVERSION = YES;
				CLANG_WARN_CONSTANT_CONVERSION = YES;
				CLANG_WARN_DIRECT_OBJC_ISA_USAGE = YES_ERROR;
				CLANG_WARN_EMPTY_BODY = YES;
				CLANG_WARN_ENUM_CONVERSION = YES;
				CLANG_WARN_INT_CONVERSION = YES;
				CLANG_WARN_OBJC_ROOT_CLASS = YES_ERROR;
				CLANG_WARN_UNREACHABLE_CODE = YES;
				CLANG_WARN__DUPLICATE_METHOD_MATCH = YES;
				"CODE_SIGN_IDENTITY[sdk=iphoneos*]" = "iPhone Developer";
				COPY_PHASE_STRIP = YES;
				ENABLE_NS_ASSERTIONS = NO;
				ENABLE_STRICT_OBJC_MSGSEND = YES;
				GCC_C_LANGUAGE_STANDARD = gnu99;
				GCC_WARN_64_TO_32_BIT_CONVERSION = YES;
				GCC_WARN_ABOUT_RETURN_TYPE = YES_ERROR;
				GCC_WARN_UNDECLARED_SELECTOR = YES;
				GCC_WARN_UNINITIALIZED_AUTOS = YES_AGGRESSIVE;
				GCC_WARN_UNUSED_FUNCTION = YES;
				GCC_WARN_UNUSED_VARIABLE = YES;
				IPHONEOS_DEPLOYMENT_TARGET = 8.1;
				MTL_ENABLE_DEBUG_INFO = NO;
				SDKROOT = iphoneos;
				VALIDATE_PRODUCT = YES;
			};
			name = Release;
		};
		EBF2E8061A5DDF5900D447F7 /* Debug */ = {
			isa = XCBuildConfiguration;
			buildSettings = {
				ASSETCATALOG_COMPILER_APPICON_NAME = AppIcon;
				INFOPLIST_FILE = Swatch/Info.plist;
				LD_RUNPATH_SEARCH_PATHS = "$(inherited) @executable_path/Frameworks";
				PRODUCT_NAME = "$(TARGET_NAME)";
			};
			name = Debug;
		};
		EBF2E8071A5DDF5900D447F7 /* Release */ = {
			isa = XCBuildConfiguration;
			buildSettings = {
				ASSETCATALOG_COMPILER_APPICON_NAME = AppIcon;
				INFOPLIST_FILE = Swatch/Info.plist;
				LD_RUNPATH_SEARCH_PATHS = "$(inherited) @executable_path/Frameworks";
				PRODUCT_NAME = "$(TARGET_NAME)";
			};
			name = Release;
		};
		EBF2E8091A5DDF5900D447F7 /* Debug */ = {
			isa = XCBuildConfiguration;
			buildSettings = {
				BUNDLE_LOADER = "$(TEST_HOST)";
				FRAMEWORK_SEARCH_PATHS = (
					"$(SDKROOT)/Developer/Library/Frameworks",
					"$(inherited)",
				);
				GCC_PREPROCESSOR_DEFINITIONS = (
					"DEBUG=1",
					"$(inherited)",
				);
				INFOPLIST_FILE = SwatchTests/Info.plist;
				LD_RUNPATH_SEARCH_PATHS = "$(inherited) @executable_path/Frameworks @loader_path/Frameworks";
				PRODUCT_NAME = "$(TARGET_NAME)";
				TEST_HOST = "$(BUILT_PRODUCTS_DIR)/Swatch.app/Swatch";
			};
			name = Debug;
		};
		EBF2E80A1A5DDF5900D447F7 /* Release */ = {
			isa = XCBuildConfiguration;
			buildSettings = {
				BUNDLE_LOADER = "$(TEST_HOST)";
				FRAMEWORK_SEARCH_PATHS = (
					"$(SDKROOT)/Developer/Library/Frameworks",
					"$(inherited)",
				);
				INFOPLIST_FILE = SwatchTests/Info.plist;
				LD_RUNPATH_SEARCH_PATHS = "$(inherited) @executable_path/Frameworks @loader_path/Frameworks";
				PRODUCT_NAME = "$(TARGET_NAME)";
				TEST_HOST = "$(BUILT_PRODUCTS_DIR)/Swatch.app/Swatch";
			};
			name = Release;
		};
/* End XCBuildConfiguration section */

/* Begin XCConfigurationList section */
		EBF2E7DD1A5DDF5900D447F7 /* Build configuration list for PBXProject "Swatch" */ = {
			isa = XCConfigurationList;
			buildConfigurations = (
				EBF2E8031A5DDF5900D447F7 /* Debug */,
				EBF2E8041A5DDF5900D447F7 /* Release */,
			);
			defaultConfigurationIsVisible = 0;
			defaultConfigurationName = Release;
		};
		EBF2E8051A5DDF5900D447F7 /* Build configuration list for PBXNativeTarget "Swatch" */ = {
			isa = XCConfigurationList;
			buildConfigurations = (
				EBF2E8061A5DDF5900D447F7 /* Debug */,
				EBF2E8071A5DDF5900D447F7 /* Release */,
			);
			defaultConfigurationIsVisible = 0;
			defaultConfigurationName = Release;
		};
		EBF2E8081A5DDF5900D447F7 /* Build configuration list for PBXNativeTarget "SwatchTests" */ = {
			isa = XCConfigurationList;
			buildConfigurations = (
				EBF2E8091A5DDF5900D447F7 /* Debug */,
				EBF2E80A1A5DDF5900D447F7 /* Release */,
			);
			defaultConfigurationIsVisible = 0;
			defaultConfigurationName = Release;
		};
/* End XCConfigurationList section */
	};
	rootObject = EBF2E7DA1A5DDF5900D447F7 /* Project object */;
}
